
Microsoft Visual Studio Solution File, Format Version 12.00
# Visual Studio Version 17
VisualStudioVersion = 17.3.32901.215
MinimumVisualStudioVersion = 10.0.40219.1
Project("{FAE04EC0-301F-11D3-BF4B-00C04F79EFBC}") = "arkaplanrenk", "arkaplanrenk\arkaplanrenk.csproj", "{C148CE59-DBD9-4066-A5F3-30E37228CE2F}"
EndProject
Global
	GlobalSection(SolutionConfigurationPlatforms) = preSolution
		Debug|Any CPU = Debug|Any CPU
		Release|Any CPU = Release|Any CPU
	EndGlobalSection
	GlobalSection(ProjectConfigurationPlatforms) = postSolution
		{C148CE59-DBD9-4066-A5F3-30E37228CE2F}.Debug|Any CPU.ActiveCfg = Debug|Any CPU
		{C148CE59-DBD9-4066-A5F3-30E37228CE2F}.Debug|Any CPU.Build.0 = Debug|Any CPU
		{C148CE59-DBD9-4066-A5F3-30E37228CE2F}.Release|Any CPU.ActiveCfg = Release|Any CPU
		{C148CE59-DBD9-4066-A5F3-30E37228CE2F}.Release|Any CPU.Build.0 = Release|Any CPU
	EndGlobalSection
	GlobalSection(SolutionProperties) = preSolution
		HideSolutionNode = FALSE
	EndGlobalSection
	GlobalSection(ExtensibilityGlobals) = postSolution
		SolutionGuid = {96763F22-7FB7-4EC1-B93B-063D27C48499}
	EndGlobalSection
EndGlobal
